
Microsoft Visual Studio Solution File, Format Version 12.00
# Visual Studio 15
VisualStudioVersion = 15.0.28307.168
MinimumVisualStudioVersion = 10.0.40219.1
Project("{FAE04EC0-301F-11D3-BF4B-00C04F79EFBC}") = "CheckSignOfPdf", "CheckSignOfPdf\CheckSignOfPdf.csproj", "{7005188D-7551-4A06-95C1-84EEA50E3003}"
EndProject
Project("{2150E333-8FDC-42A3-9474-1A3956D46DE8}") = "Solution Items", "Solution Items", "{A3ED97BD-BF94-4949-BD39-31F1BFCE47F6}"
	ProjectSection(SolutionItems) = preProject
		COPYING.txt = COPYING.txt
	EndProjectSection
EndProject
Global
	GlobalSection(SolutionConfigurationPlatforms) = preSolution
		Debug|Any CPU = Debug|Any CPU
		Release|Any CPU = Release|Any CPU
	EndGlobalSection
	GlobalSection(ProjectConfigurationPlatforms) = postSolution
		{7005188D-7551-4A06-95C1-84EEA50E3003}.Debug|Any CPU.ActiveCfg = Debug|Any CPU
		{7005188D-7551-4A06-95C1-84EEA50E3003}.Debug|Any CPU.Build.0 = Debug|Any CPU
		{7005188D-7551-4A06-95C1-84EEA50E3003}.Release|Any CPU.ActiveCfg = Release|Any CPU
		{7005188D-7551-4A06-95C1-84EEA50E3003}.Release|Any CPU.Build.0 = Release|Any CPU
	EndGlobalSection
	GlobalSection(SolutionProperties) = preSolution
		HideSolutionNode = FALSE
	EndGlobalSection
	GlobalSection(ExtensibilityGlobals) = postSolution
		SolutionGuid = {E152EE1C-6F93-4A8A-B231-42133335DBB6}
	EndGlobalSection
EndGlobal
